// !$*UTF8*$!
{
	archiveVersion = 1;
	classes = {
	};
	objectVersion = 48;
	objects = {

/* Begin PBXBuildFile section */
		602082AF208C5F6E00CE7F74 /* BinaryTree.cpp in Sources */ = {isa = PBXBuildFile; fileRef = 602082AE208C5F6E00CE7F74 /* BinaryTree.cpp */; };
		604160662067732C002FD8C0 /* main.cpp in Sources */ = {isa = PBXBuildFile; fileRef = 604160652067732C002FD8C0 /* main.cpp */; };
/* End PBXBuildFile section */

/* Begin PBXCopyFilesBuildPhase section */
		604160602067732C002FD8C0 /* CopyFiles */ = {
			isa = PBXCopyFilesBuildPhase;
			buildActionMask = 2147483647;
			dstPath = /usr/share/man/man1/;
			dstSubfolderSpec = 0;
			files = (
			);
			runOnlyForDeploymentPostprocessing = 1;
		};
/* End PBXCopyFilesBuildPhase section */

/* Begin PBXFileReference section */
		602082AA208C5F6E00CE7F74 /* QuickSort.h */ = {isa = PBXFileReference; fileEncoding = 4; lastKnownFileType = sourcecode.c.h; name = QuickSort.h; path = XcodeCPPTest/DataAndStruction/QuickSort.h; sourceTree = SOURCE_ROOT; };
		602082AB208C5F6E00CE7F74 /* FindMissingNumber.h */ = {isa = PBXFileReference; fileEncoding = 4; lastKnownFileType = sourcecode.c.h; name = FindMissingNumber.h; path = XcodeCPPTest/DataAndStruction/FindMissingNumber.h; sourceTree = SOURCE_ROOT; };
		602082AC208C5F6E00CE7F74 /* BinaryTree.h */ = {isa = PBXFileReference; fileEncoding = 4; lastKnownFileType = sourcecode.c.h; name = BinaryTree.h; path = XcodeCPPTest/DataAndStruction/BinaryTree.h; sourceTree = SOURCE_ROOT; };
		602082AD208C5F6E00CE7F74 /* lamda.h */ = {isa = PBXFileReference; fileEncoding = 4; lastKnownFileType = sourcecode.c.h; name = lamda.h; path = XcodeCPPTest/DataAndStruction/lamda.h; sourceTree = SOURCE_ROOT; };
		602082AE208C5F6E00CE7F74 /* BinaryTree.cpp */ = {isa = PBXFileReference; fileEncoding = 4; lastKnownFileType = sourcecode.cpp.cpp; name = BinaryTree.cpp; path = XcodeCPPTest/DataAndStruction/BinaryTree.cpp; sourceTree = SOURCE_ROOT; };
		602082B1208C60F600CE7F74 /* ClassSizeAndVirtualFunction.h */ = {isa = PBXFileReference; lastKnownFileType = sourcecode.c.h; path = ClassSizeAndVirtualFunction.h; sourceTree = "<group>"; };
		602082B3208C61D000CE7F74 /* ClassSizeAndVirtualFunction.h */ = {isa = PBXFileReference; fileEncoding = 4; lastKnownFileType = sourcecode.c.h; path = ClassSizeAndVirtualFunction.h; sourceTree = "<group>"; };
		602082B5208C61E000CE7F74 /* ClassSizeAndVirtualFunction.h */ = {isa = PBXFileReference; fileEncoding = 4; lastKnownFileType = sourcecode.c.h; path = ClassSizeAndVirtualFunction.h; sourceTree = "<group>"; };
		604160622067732C002FD8C0 /* XcodeCPPTest */ = {isa = PBXFileReference; explicitFileType = "compiled.mach-o.executable"; includeInIndex = 0; path = XcodeCPPTest; sourceTree = BUILT_PRODUCTS_DIR; };
		604160652067732C002FD8C0 /* main.cpp */ = {isa = PBXFileReference; lastKnownFileType = sourcecode.cpp.cpp; path = main.cpp; sourceTree = "<group>"; };
/* End PBXFileReference section */

/* Begin PBXFrameworksBuildPhase section */
		6041605F2067732C002FD8C0 /* Frameworks */ = {
			isa = PBXFrameworksBuildPhase;
			buildActionMask = 2147483647;
			files = (
			);
			runOnlyForDeploymentPostprocessing = 0;
		};
/* End PBXFrameworksBuildPhase section */

/* Begin PBXGroup section */
		602082A9208C5EE400CE7F74 /* DataAndStruction */ = {
			isa = PBXGroup;
			children = (
				602082B4208C61E000CE7F74 /* CPPObjectModel */,
				602082AE208C5F6E00CE7F74 /* BinaryTree.cpp */,
				602082AC208C5F6E00CE7F74 /* BinaryTree.h */,
				602082AB208C5F6E00CE7F74 /* FindMissingNumber.h */,
				602082AD208C5F6E00CE7F74 /* lamda.h */,
				602082AA208C5F6E00CE7F74 /* QuickSort.h */,
			);
			name = DataAndStruction;
			path = "New Group";
			sourceTree = "<group>";
		};
		602082B0208C60B500CE7F74 /* CPPObjectModel */ = {
			isa = PBXGroup;
			children = (
				602082B2208C61D000CE7F74 /* CPPObjectModel */,
				602082B1208C60F600CE7F74 /* ClassSizeAndVirtualFunction.h */,
			);
			path = CPPObjectModel;
			sourceTree = "<group>";
		};
		602082B2208C61D000CE7F74 /* CPPObjectModel */ = {
			isa = PBXGroup;
			children = (
				602082B3208C61D000CE7F74 /* ClassSizeAndVirtualFunction.h */,
			);
			name = CPPObjectModel;
			sourceTree = "<group>";
		};
		602082B4208C61E000CE7F74 /* CPPObjectModel */ = {
			isa = PBXGroup;
			children = (
				602082B5208C61E000CE7F74 /* ClassSizeAndVirtualFunction.h */,
			);
			name = CPPObjectModel;
			path = XcodeCPPTest/CPPObjectModel;
			sourceTree = SOURCE_ROOT;
		};
		604160592067732C002FD8C0 = {
			isa = PBXGroup;
			children = (
				604160642067732C002FD8C0 /* XcodeCPPTest */,
				604160632067732C002FD8C0 /* Products */,
			);
			sourceTree = "<group>";
		};
		604160632067732C002FD8C0 /* Products */ = {
			isa = PBXGroup;
			children = (
				604160622067732C002FD8C0 /* XcodeCPPTest */,
			);
			name = Products;
			sourceTree = "<group>";
		};
		604160642067732C002FD8C0 /* XcodeCPPTest */ = {
			isa = PBXGroup;
			children = (
				602082B0208C60B500CE7F74 /* CPPObjectModel */,
				602082A9208C5EE400CE7F74 /* DataAndStruction */,
				604160652067732C002FD8C0 /* main.cpp */,
			);
			path = XcodeCPPTest;
			sourceTree = "<group>";
		};
/* End PBXGroup section */

/* Begin PBXNativeTarget section */
		604160612067732C002FD8C0 /* XcodeCPPTest */ = {
			isa = PBXNativeTarget;
			buildConfigurationList = 604160692067732C002FD8C0 /* Build configuration list for PBXNativeTarget "XcodeCPPTest" */;
			buildPhases = (
				6041605E2067732C002FD8C0 /* Sources */,
				6041605F2067732C002FD8C0 /* Frameworks */,
				604160602067732C002FD8C0 /* CopyFiles */,
			);
			buildRules = (
			);
			dependencies = (
			);
			name = XcodeCPPTest;
			productName = XcodeCPPTest;
			productReference = 604160622067732C002FD8C0 /* XcodeCPPTest */;
			productType = "com.apple.product-type.tool";
		};
/* End PBXNativeTarget section */

/* Begin PBXProject section */
		6041605A2067732C002FD8C0 /* Project object */ = {
			isa = PBXProject;
			attributes = {
				LastUpgradeCheck = 0920;
				ORGANIZATIONNAME = jackery;
				TargetAttributes = {
					604160612067732C002FD8C0 = {
						CreatedOnToolsVersion = 9.2;
						ProvisioningStyle = Automatic;
					};
				};
			};
			buildConfigurationList = 6041605D2067732C002FD8C0 /* Build configuration list for PBXProject "XcodeCPPTest" */;
			compatibilityVersion = "Xcode 8.0";
			developmentRegion = en;
			hasScannedForEncodings = 0;
			knownRegions = (
				en,
			);
			mainGroup = 604160592067732C002FD8C0;
			productRefGroup = 604160632067732C002FD8C0 /* Products */;
			projectDirPath = "";
			projectRoot = "";
			targets = (
				604160612067732C002FD8C0 /* XcodeCPPTest */,
			);
		};
/* End PBXProject section */

/* Begin PBXSourcesBuildPhase section */
		6041605E2067732C002FD8C0 /* Sources */ = {
			isa = PBXSourcesBuildPhase;
			buildActionMask = 2147483647;
			files = (
				602082AF208C5F6E00CE7F74 /* BinaryTree.cpp in Sources */,
				604160662067732C002FD8C0 /* main.cpp in Sources */,
			);
			runOnlyForDeploymentPostprocessing = 0;
		};
/* End PBXSourcesBuildPhase section */

/* Begin XCBuildConfiguration section */
		604160672067732C002FD8C0 /* Debug */ = {
			isa = XCBuildConfiguration;
			buildSettings = {
				ALWAYS_SEARCH_USER_PATHS = NO;
				CLANG_ANALYZER_NONNULL = YES;
				CLANG_ANALYZER_NUMBER_OBJECT_CONVERSION = YES_AGGRESSIVE;
				CLANG_CXX_LANGUAGE_STANDARD = "gnu++14";
				CLANG_CXX_LIBRARY = "libc++";
				CLANG_ENABLE_MODULES = YES;
				CLANG_ENABLE_OBJC_ARC = YES;
				CLANG_WARN_BLOCK_CAPTURE_AUTORELEASING = YES;
				CLANG_WARN_BOOL_CONVERSION = YES;
				CLANG_WARN_COMMA = YES;
				CLANG_WARN_CONSTANT_CONVERSION = YES;
				CLANG_WARN_DIRECT_OBJC_ISA_USAGE = YES_ERROR;
				CLANG_WARN_DOCUMENTATION_COMMENTS = YES;
				CLANG_WARN_EMPTY_BODY = YES;
				CLANG_WARN_ENUM_CONVERSION = YES;
				CLANG_WARN_INFINITE_RECURSION = YES;
				CLANG_WARN_INT_CONVERSION = YES;
				CLANG_WARN_NON_LITERAL_NULL_CONVERSION = YES;
				CLANG_WARN_OBJC_LITERAL_CONVERSION = YES;
				CLANG_WARN_OBJC_ROOT_CLASS = YES_ERROR;
				CLANG_WARN_RANGE_LOOP_ANALYSIS = YES;
				CLANG_WARN_STRICT_PROTOTYPES = YES;
				CLANG_WARN_SUSPICIOUS_MOVE = YES;
				CLANG_WARN_UNGUARDED_AVAILABILITY = YES_AGGRESSIVE;
				CLANG_WARN_UNREACHABLE_CODE = YES;
				CLANG_WARN__DUPLICATE_METHOD_MATCH = YES;
				CODE_SIGN_IDENTITY = "Mac Developer";
				COPY_PHASE_STRIP = NO;
				DEBUG_INFORMATION_FORMAT = dwarf;
				ENABLE_STRICT_OBJC_MSGSEND = YES;
				ENABLE_TESTABILITY = YES;
				GCC_C_LANGUAGE_STANDARD = gnu11;
				GCC_DYNAMIC_NO_PIC = NO;
				GCC_NO_COMMON_BLOCKS = YES;
				GCC_OPTIMIZATION_LEVEL = 0;
				GCC_PREPROCESSOR_DEFINITIONS = (
					"DEBUG=1",
					"$(inherited)",
				);
				GCC_WARN_64_TO_32_BIT_CONVERSION = YES;
				GCC_WARN_ABOUT_RETURN_TYPE = YES_ERROR;
				GCC_WARN_UNDECLARED_SELECTOR = YES;
				GCC_WARN_UNINITIALIZED_AUTOS = YES_AGGRESSIVE;
				GCC_WARN_UNUSED_FUNCTION = YES;
				GCC_WARN_UNUSED_VARIABLE = YES;
				MACOSX_DEPLOYMENT_TARGET = 10.12;
				MTL_ENABLE_DEBUG_INFO = YES;
				ONLY_ACTIVE_ARCH = YES;
				SDKROOT = macosx;
			};
			name = Debug;
		};
		604160682067732C002FD8C0 /* Release */ = {
			isa = XCBuildConfiguration;
			buildSettings = {
				ALWAYS_SEARCH_USER_PATHS = NO;
				CLANG_ANALYZER_NONNULL = YES;
				CLANG_ANALYZER_NUMBER_OBJECT_CONVERSION = YES_AGGRESSIVE;
				CLANG_CXX_LANGUAGE_STANDARD = "gnu++14";
				CLANG_CXX_LIBRARY = "libc++";
				CLANG_ENABLE_MODULES = YES;
				CLANG_ENABLE_OBJC_ARC = YES;
				CLANG_WARN_BLOCK_CAPTURE_AUTORELEASING = YES;
				CLANG_WARN_BOOL_CONVERSION = YES;
				CLANG_WARN_COMMA = YES;
				CLANG_WARN_CONSTANT_CONVERSION = YES;
				CLANG_WARN_DIRECT_OBJC_ISA_USAGE = YES_ERROR;
				CLANG_WARN_DOCUMENTATION_COMMENTS = YES;
				CLANG_WARN_EMPTY_BODY = YES;
				CLANG_WARN_ENUM_CONVERSION = YES;
				CLANG_WARN_INFINITE_RECURSION = YES;
				CLANG_WARN_INT_CONVERSION = YES;
				CLANG_WARN_NON_LITERAL_NULL_CONVERSION = YES;
				CLANG_WARN_OBJC_LITERAL_CONVERSION = YES;
				CLANG_WARN_OBJC_ROOT_CLASS = YES_ERROR;
				CLANG_WARN_RANGE_LOOP_ANALYSIS = YES;
				CLANG_WARN_STRICT_PROTOTYPES = YES;
				CLANG_WARN_SUSPICIOUS_MOVE = YES;
				CLANG_WARN_UNGUARDED_AVAILABILITY = YES_AGGRESSIVE;
				CLANG_WARN_UNREACHABLE_CODE = YES;
				CLANG_WARN__DUPLICATE_METHOD_MATCH = YES;
				CODE_SIGN_IDENTITY = "Mac Developer";
				COPY_PHASE_STRIP = NO;
				DEBUG_INFORMATION_FORMAT = "dwarf-with-dsym";
				ENABLE_NS_ASSERTIONS = NO;
				ENABLE_STRICT_OBJC_MSGSEND = YES;
				GCC_C_LANGUAGE_STANDARD = gnu11;
				GCC_NO_COMMON_BLOCKS = YES;
				GCC_WARN_64_TO_32_BIT_CONVERSION = YES;
				GCC_WARN_ABOUT_RETURN_TYPE = YES_ERROR;
				GCC_WARN_UNDECLARED_SELECTOR = YES;
				GCC_WARN_UNINITIALIZED_AUTOS = YES_AGGRESSIVE;
				GCC_WARN_UNUSED_FUNCTION = YES;
				GCC_WARN_UNUSED_VARIABLE = YES;
				MACOSX_DEPLOYMENT_TARGET = 10.12;
				MTL_ENABLE_DEBUG_INFO = NO;
				SDKROOT = macosx;
			};
			name = Release;
		};
		6041606A2067732C002FD8C0 /* Debug */ = {
			isa = XCBuildConfiguration;
			buildSettings = {
				CODE_SIGN_STYLE = Automatic;
				DEVELOPMENT_TEAM = 64JS8U688E;
				PRODUCT_NAME = "$(TARGET_NAME)";
			};
			name = Debug;
		};
		6041606B2067732C002FD8C0 /* Release */ = {
			isa = XCBuildConfiguration;
			buildSettings = {
				CODE_SIGN_STYLE = Automatic;
				DEVELOPMENT_TEAM = 64JS8U688E;
				PRODUCT_NAME = "$(TARGET_NAME)";
			};
			name = Release;
		};
/* End XCBuildConfiguration section */

/* Begin XCConfigurationList section */
		6041605D2067732C002FD8C0 /* Build configuration list for PBXProject "XcodeCPPTest" */ = {
			isa = XCConfigurationList;
			buildConfigurations = (
				604160672067732C002FD8C0 /* Debug */,
				604160682067732C002FD8C0 /* Release */,
			);
			defaultConfigurationIsVisible = 0;
			defaultConfigurationName = Release;
		};
		604160692067732C002FD8C0 /* Build configuration list for PBXNativeTarget "XcodeCPPTest" */ = {
			isa = XCConfigurationList;
			buildConfigurations = (
				6041606A2067732C002FD8C0 /* Debug */,
				6041606B2067732C002FD8C0 /* Release */,
			);
			defaultConfigurationIsVisible = 0;
			defaultConfigurationName = Release;
		};
/* End XCConfigurationList section */
	};
	rootObject = 6041605A2067732C002FD8C0 /* Project object */;
}
